lockfileVersion: '9.0'

settings:
  autoInstallPeers: true
  excludeLinksFromLockfile: false

importers:

  .:
    dependencies:
      '@atcute/atproto':
        specifier: ^3.1.10
        version: 3.1.10
      '@atcute/bluesky':
        specifier: ^3.3.0
        version: 3.3.0
      '@atcute/car':
        specifier: ^5.1.1
        version: 5.1.1
      '@atcute/cbor':
        specifier: ^2.3.2
        version: 2.3.2
      '@atcute/cid':
        specifier: ^2.4.1
        version: 2.4.1
      '@atcute/client':
        specifier: ^4.2.1
        version: 4.2.1
      '@atcute/firehose':
        specifier: ^0.1.0
        version: 0.1.0
      '@atcute/password-session':
        specifier: ^0.1.0
        version: 0.1.0
    devDependencies:
      '@atcute/lex-cli':
        specifier: ^2.5.3
        version: 2.5.3
      '@types/node':
        specifier: ^25.5.2
        version: 25.5.2
      tsx:
        specifier: ^4.0.0
        version: 4.21.0
      typescript:
        specifier: ^5.7.0
        version: 5.9.3

packages:

  '@atcute/atproto@3.1.10':
    resolution: {integrity: sha512-+GKZpOc0PJcdWMQEkTfg/rSNDAAHxmAUGBl60g2az15etqJn5WaUPNGFE2sB7hKpwi5Ue2h/L0OacINcE/JDDQ==}

  '@atcute/bluesky@3.3.0':
    resolution: {integrity: sha512-TrLnlxuD6F/D2ZYzJ3aCiRD0yiFuhmVsd6oULNzzr8V9Xzlufg0yxkRiGmbMiF2iI508y/MFi6vzo625301c5A==}

  '@atcute/car@5.1.1':
    resolution: {integrity: sha512-MeRUJNXYgAHrJZw7mMoZJb9xIqv3LZLQw90rRRAVAo8SGNdICwyqe6Bf2LGesX73QM04MBuYO6Kqhvold3TFfg==}

  '@atcute/cbor@2.3.2':
    resolution: {integrity: sha512-xP2SORSau/VVI00x2V4BjwIkHr6EQ7l/MXEOPaa4LGYtePFc4gnD4L1yN10dT5NEuUnvGEuCh6arLB7gz1smVQ==}

  '@atcute/cid@2.4.1':
    resolution: {integrity: sha512-bwhna69RCv7yetXudtj+2qrMPYvhhIQqvJz6YUpUS98v7OdF3X2dnye9Nig2NDrklZcuyOsu7sQo7GOykJXRLQ==}

  '@atcute/client@4.2.1':
    resolution: {integrity: sha512-ZBFM2pW075JtgGFu5g7HHZBecrClhlcNH8GVP9Zz1aViWR+cjjBsTpeE63rJs+FCOHFYlirUyo5L8SGZ4kMINw==}

  '@atcute/crypto@2.4.1':
    resolution: {integrity: sha512-tJ3Pi/XYcAsABKtqSlSOTKfO5YiQ4XdqlTuPS8HiRZSezOPcXBFFzAFWpSIJPURbVPFQL3LLrrK0Ea24wl5qeQ==}

  '@atcute/firehose@0.1.0':
    resolution: {integrity: sha512-xBEKdi6rkODpCIIRpXtXhhcuQ1vTbufDykAM2kA6bmWEpuwI4acoUCg9zbiUWqd21SMMOAthu9Eh72i2VYrD7A==}

  '@atcute/identity-resolver@1.2.2':
    resolution: {integrity: sha512-eUh/UH4bFvuXS0X7epYCeJC/kj4rbBXfSRumLEH4smMVwNOgTo7cL/0Srty+P/qVPoZEyXdfEbS0PHJyzoXmHw==}
    peerDependencies:
      '@atcute/identity': ^1.0.0

  '@atcute/identity@1.1.4':
    resolution: {integrity: sha512-RCw1IqflfuSYCxK5m0lZCm0UnvIzcUnuhngiBhJEJb9a9Mc2SEf1xP3H8N5r8pvEH1LoAYd6/zrvCNU+uy9esw==}

  '@atcute/lex-cli@2.5.3':
    resolution: {integrity: sha512-829rvezMOfRkJQRKvupNT8TWT/YYffJ2QsB80D9aPjkXSogrETZA7xZcPaMZBXg+mJaVbLO9S4ThPQmlF0L4UQ==}
    hasBin: true

  '@atcute/lexicon-doc@2.1.2':
    resolution: {integrity: sha512-jTLcOka7b8BIn2SnIZm2m7l6unlJ0gpgW1MnRpSqNbly/AvyRUR/GREduh/QmjT4SGasDm8vdhrM0kOSPFpDLQ==}

  '@atcute/lexicon-resolver@0.1.6':
    resolution: {integrity: sha512-wJC/ChmpP7k+ywpOd07CMvioXjIGaFpF3bDwXLi/086LYjSWHOvtW6pyC+mqP5wLhjyH2hn4wmi77Buew1l1aw==}
    peerDependencies:
      '@atcute/identity': ^1.1.0
      '@atcute/identity-resolver': ^1.1.3

  '@atcute/lexicons@1.2.9':
    resolution: {integrity: sha512-/RRHm2Cw9o8Mcsrq0eo8fjS9okKYLGfuFwrQ0YoP/6sdSDsXshaTLJsvLlcUcaDaSJ1YFOuHIo3zr2Om2F/16g==}

  '@atcute/mst@1.0.0':
    resolution: {integrity: sha512-pMce2efib+dmKtnGnIvJZitVncJkpr3AmhyfgfYllni8KzsaDGsJmuGavSVpuojAhQe+6jYwHFtpm/beiiH4uw==}

  '@atcute/multibase@1.2.0':
    resolution: {integrity: sha512-ZK2GRra+qIYq9nNuQB52m2ul0hOmCQEtPobGfTSUxm7pF0OGEkWGkWHugFhNEDVzHzTwPxHp6VGotdZFue4lYQ==}

  '@atcute/password-session@0.1.0':
    resolution: {integrity: sha512-r4iUNT7aQ1J6XXGO+pu39037hFQd0GYEhOuw/aykoNI3HHFLX2t5YyrxWTu5uKMGECk3s7zEgc8B8ol9JsMjRA==}

  '@atcute/repo@0.1.3':
    resolution: {integrity: sha512-kN4gkrkQgJwI5xkVQ9zSdI8ULR47uH48EdJdjMvKAWsSDu8zKYd8ZQ6n778qa6o3WYEq02v9QVf7pzeU+3fYVA==}

  '@atcute/uint8array@1.1.1':
    resolution: {integrity: sha512-3LsC8XB8TKe9q/5hOA5sFuzGaIFdJZJNewC5OKa3o/eU6+K7JR6see9Zy2JbQERNVnRl11EzbNov1efgLMAs4g==}

  '@atcute/util-fetch@1.0.5':
    resolution: {integrity: sha512-qjHj01BGxjSjIFdPiAjSARnodJIIyKxnCMMEcXMESo9TAyND6XZQqrie5fia+LlYWVXdpsTds8uFQwc9jdKTig==}

  '@atcute/util-text@1.2.0':
    resolution: {integrity: sha512-b8WSh+Z7K601eUFFmTFj8QPKDO8Ic0VDDj63sdKzpkm+ySQKsYT5nXekViGqFVKbyKj1V5FyvZvgXad6/aI4QQ==}

  '@atcute/varint@2.0.0':
    resolution: {integrity: sha512-CEY/oVK/nVpL4e5y3sdenLETDL6/Xu5xsE/0TupK+f0Yv8jcD60t2gD8SHROWSvUwYLdkjczLCSA7YrtnjCzWw==}

  '@badrap/valita@0.4.6':
    resolution: {integrity: sha512-4kdqcjyxo/8RQ8ayjms47HCWZIF5981oE5nIenbfThKDxWXtEHKipAOWlflpPJzZx9y/JWYQkp18Awr7VuepFg==}
    engines: {node: '>= 18'}

  '@esbuild/aix-ppc64@0.27.7':
    resolution: {integrity: sha512-EKX3Qwmhz1eMdEJokhALr0YiD0lhQNwDqkPYyPhiSwKrh7/4KRjQc04sZ8db+5DVVnZ1LmbNDI1uAMPEUBnQPg==}
    engines: {node: '>=18'}
    cpu: [ppc64]
    os: [aix]

  '@esbuild/android-arm64@0.27.7':
    resolution: {integrity: sha512-62dPZHpIXzvChfvfLJow3q5dDtiNMkwiRzPylSCfriLvZeq0a1bWChrGx/BbUbPwOrsWKMn8idSllklzBy+dgQ==}
    engines: {node: '>=18'}
    cpu: [arm64]
    os: [android]

  '@esbuild/android-arm@0.27.7':
    resolution: {integrity: sha512-jbPXvB4Yj2yBV7HUfE2KHe4GJX51QplCN1pGbYjvsyCZbQmies29EoJbkEc+vYuU5o45AfQn37vZlyXy4YJ8RQ==}
    engines: {node: '>=18'}
    cpu: [arm]
    os: [android]

  '@esbuild/android-x64@0.27.7':
    resolution: {integrity: sha512-x5VpMODneVDb70PYV2VQOmIUUiBtY3D3mPBG8NxVk5CogneYhkR7MmM3yR/uMdITLrC1ml/NV1rj4bMJuy9MCg==}
    engines: {node: '>=18'}
    cpu: [x64]
    os: [android]

  '@esbuild/darwin-arm64@0.27.7':
    resolution: {integrity: sha512-5lckdqeuBPlKUwvoCXIgI2D9/ABmPq3Rdp7IfL70393YgaASt7tbju3Ac+ePVi3KDH6N2RqePfHnXkaDtY9fkw==}
    engines: {node: '>=18'}
    cpu: [arm64]
    os: [darwin]

  '@esbuild/darwin-x64@0.27.7':
    resolution: {integrity: sha512-rYnXrKcXuT7Z+WL5K980jVFdvVKhCHhUwid+dDYQpH+qu+TefcomiMAJpIiC2EM3Rjtq0sO3StMV/+3w3MyyqQ==}
    engines: {node: '>=18'}
    cpu: [x64]
    os: [darwin]

  '@esbuild/freebsd-arm64@0.27.7':
    resolution: {integrity: sha512-B48PqeCsEgOtzME2GbNM2roU29AMTuOIN91dsMO30t+Ydis3z/3Ngoj5hhnsOSSwNzS+6JppqWsuhTp6E82l2w==}
    engines: {node: '>=18'}
    cpu: [arm64]
    os: [freebsd]

  '@esbuild/freebsd-x64@0.27.7':
    resolution: {integrity: sha512-jOBDK5XEjA4m5IJK3bpAQF9/Lelu/Z9ZcdhTRLf4cajlB+8VEhFFRjWgfy3M1O4rO2GQ/b2dLwCUGpiF/eATNQ==}
    engines: {node: '>=18'}
    cpu: [x64]
    os: [freebsd]

  '@esbuild/linux-arm64@0.27.7':
    resolution: {integrity: sha512-RZPHBoxXuNnPQO9rvjh5jdkRmVizktkT7TCDkDmQ0W2SwHInKCAV95GRuvdSvA7w4VMwfCjUiPwDi0ZO6Nfe9A==}
    engines: {node: '>=18'}
    cpu: [arm64]
    os: [linux]

  '@esbuild/linux-arm@0.27.7':
    resolution: {integrity: sha512-RkT/YXYBTSULo3+af8Ib0ykH8u2MBh57o7q/DAs3lTJlyVQkgQvlrPTnjIzzRPQyavxtPtfg0EopvDyIt0j1rA==}
    engines: {node: '>=18'}
    cpu: [arm]
    os: [linux]

  '@esbuild/linux-ia32@0.27.7':
    resolution: {integrity: sha512-GA48aKNkyQDbd3KtkplYWT102C5sn/EZTY4XROkxONgruHPU72l+gW+FfF8tf2cFjeHaRbWpOYa/uRBz/Xq1Pg==}
    engines: {node: '>=18'}
    cpu: [ia32]
    os: [linux]

  '@esbuild/linux-loong64@0.27.7':
    resolution: {integrity: sha512-a4POruNM2oWsD4WKvBSEKGIiWQF8fZOAsycHOt6JBpZ+JN2n2JH9WAv56SOyu9X5IqAjqSIPTaJkqN8F7XOQ5Q==}
    engines: {node: '>=18'}
    cpu: [loong64]
    os: [linux]

  '@esbuild/linux-mips64el@0.27.7':
    resolution: {integrity: sha512-KabT5I6StirGfIz0FMgl1I+R1H73Gp0ofL9A3nG3i/cYFJzKHhouBV5VWK1CSgKvVaG4q1RNpCTR2LuTVB3fIw==}
    engines: {node: '>=18'}
    cpu: [mips64el]
    os: [linux]

  '@esbuild/linux-ppc64@0.27.7':
    resolution: {integrity: sha512-gRsL4x6wsGHGRqhtI+ifpN/vpOFTQtnbsupUF5R5YTAg+y/lKelYR1hXbnBdzDjGbMYjVJLJTd2OFmMewAgwlQ==}
    engines: {node: '>=18'}
    cpu: [ppc64]
    os: [linux]

  '@esbuild/linux-riscv64@0.27.7':
    resolution: {integrity: sha512-hL25LbxO1QOngGzu2U5xeXtxXcW+/GvMN3ejANqXkxZ/opySAZMrc+9LY/WyjAan41unrR3YrmtTsUpwT66InQ==}
    engines: {node: '>=18'}
    cpu: [riscv64]
    os: [linux]

  '@esbuild/linux-s390x@0.27.7':
    resolution: {integrity: sha512-2k8go8Ycu1Kb46vEelhu1vqEP+UeRVj2zY1pSuPdgvbd5ykAw82Lrro28vXUrRmzEsUV0NzCf54yARIK8r0fdw==}
    engines: {node: '>=18'}
    cpu: [s390x]
    os: [linux]

  '@esbuild/linux-x64@0.27.7':
    resolution: {integrity: sha512-hzznmADPt+OmsYzw1EE33ccA+HPdIqiCRq7cQeL1Jlq2gb1+OyWBkMCrYGBJ+sxVzve2ZJEVeePbLM2iEIZSxA==}
    engines: {node: '>=18'}
    cpu: [x64]
    os: [linux]

  '@esbuild/netbsd-arm64@0.27.7':
    resolution: {integrity: sha512-b6pqtrQdigZBwZxAn1UpazEisvwaIDvdbMbmrly7cDTMFnw/+3lVxxCTGOrkPVnsYIosJJXAsILG9XcQS+Yu6w==}
    engines: {node: '>=18'}
    cpu: [arm64]
    os: [netbsd]

  '@esbuild/netbsd-x64@0.27.7':
    resolution: {integrity: sha512-OfatkLojr6U+WN5EDYuoQhtM+1xco+/6FSzJJnuWiUw5eVcicbyK3dq5EeV/QHT1uy6GoDhGbFpprUiHUYggrw==}
    engines: {node: '>=18'}
    cpu: [x64]
    os: [netbsd]

  '@esbuild/openbsd-arm64@0.27.7':
    resolution: {integrity: sha512-AFuojMQTxAz75Fo8idVcqoQWEHIXFRbOc1TrVcFSgCZtQfSdc1RXgB3tjOn/krRHENUB4j00bfGjyl2mJrU37A==}
    engines: {node: '>=18'}
    cpu: [arm64]
    os: [openbsd]

  '@esbuild/openbsd-x64@0.27.7':
    resolution: {integrity: sha512-+A1NJmfM8WNDv5CLVQYJ5PshuRm/4cI6WMZRg1by1GwPIQPCTs1GLEUHwiiQGT5zDdyLiRM/l1G0Pv54gvtKIg==}
    engines: {node: '>=18'}
    cpu: [x64]
    os: [openbsd]

  '@esbuild/openharmony-arm64@0.27.7':
    resolution: {integrity: sha512-+KrvYb/C8zA9CU/g0sR6w2RBw7IGc5J2BPnc3dYc5VJxHCSF1yNMxTV5LQ7GuKteQXZtspjFbiuW5/dOj7H4Yw==}
    engines: {node: '>=18'}
    cpu: [arm64]
    os: [openharmony]

  '@esbuild/sunos-x64@0.27.7':
    resolution: {integrity: sha512-ikktIhFBzQNt/QDyOL580ti9+5mL/YZeUPKU2ivGtGjdTYoqz6jObj6nOMfhASpS4GU4Q/Clh1QtxWAvcYKamA==}
    engines: {node: '>=18'}
    cpu: [x64]
    os: [sunos]

  '@esbuild/win32-arm64@0.27.7':
    resolution: {integrity: sha512-7yRhbHvPqSpRUV7Q20VuDwbjW5kIMwTHpptuUzV+AA46kiPze5Z7qgt6CLCK3pWFrHeNfDd1VKgyP4O+ng17CA==}
    engines: {node: '>=18'}
    cpu: [arm64]
    os: [win32]

  '@esbuild/win32-ia32@0.27.7':
    resolution: {integrity: sha512-SmwKXe6VHIyZYbBLJrhOoCJRB/Z1tckzmgTLfFYOfpMAx63BJEaL9ExI8x7v0oAO3Zh6D/Oi1gVxEYr5oUCFhw==}
    engines: {node: '>=18'}
    cpu: [ia32]
    os: [win32]

  '@esbuild/win32-x64@0.27.7':
    resolution: {integrity: sha512-56hiAJPhwQ1R4i+21FVF7V8kSD5zZTdHcVuRFMW0hn753vVfQN8xlx4uOPT4xoGH0Z/oVATuR82AiqSTDIpaHg==}
    engines: {node: '>=18'}
    cpu: [x64]
    os: [win32]

  '@mary-ext/event-iterator@1.0.0':
    resolution: {integrity: sha512-l6gCPsWJ8aRCe/s7/oCmero70kDHgIK5m4uJvYgwEYTqVxoBOIXbKr5tnkLqUHEg6mNduB4IWvms3h70Hp9ADQ==}

  '@mary-ext/simple-event-emitter@1.0.1':
    resolution: {integrity: sha512-9+VvZisxZ/gSg+JJH7hmXaA8Qj42Qjz3O58RSB+INYc8iLA0icATZxHB9vKbj59ojDGZjO3hCKzMXocx3L0H8w==}

  '@noble/secp256k1@3.0.0':
    resolution: {integrity: sha512-NJBaR352KyIvj3t6sgT/+7xrNyF9Xk9QlLSIqUGVUYlsnDTAUqY8LOmwpcgEx4AMJXRITQ5XEVHD+mMaPfr3mg==}

  '@optique/core@0.6.11':
    resolution: {integrity: sha512-GVLFihzBA1j78NFlkU5N1Lu0jRqET0k6Z66WK8VQKG/a3cxmCInVGSKMIdQG8i6pgC8wD5OizF6Y3QMztmhAxg==}
    engines: {bun: '>=1.2.0', deno: '>=2.3.0', node: '>=20.0.0'}

  '@optique/run@0.6.11':
    resolution: {integrity: sha512-tsXBEygGSzNpFK2gjsRlXBn7FiScUeLFWIZNpoAZ8iG85Km0/3K9xgqlQAXoQ+uEZBe4XplnzyCDvmEgbyNT8w==}
    engines: {bun: '>=1.2.0', deno: '>=2.3.0', node: '>=20.0.0'}

  '@standard-schema/spec@1.1.0':
    resolution: {integrity: sha512-l2aFy5jALhniG5HgqrD6jXLi/rUWrKvqN/qJx6yoJsgKhblVd+iqqU4RCXavm/jPityDo5TCvKMnpjKnOriy0w==}

  '@types/node@25.5.2':
    resolution: {integrity: sha512-tO4ZIRKNC+MDWV4qKVZe3Ql/woTnmHDr5JD8UI5hn2pwBrHEwOEMZK7WlNb5RKB6EoJ02gwmQS9OrjuFnZYdpg==}

  esbuild@0.27.7:
    resolution: {integrity: sha512-IxpibTjyVnmrIQo5aqNpCgoACA/dTKLTlhMHihVHhdkxKyPO1uBBthumT0rdHmcsk9uMonIWS0m4FljWzILh3w==}
    engines: {node: '>=18'}
    hasBin: true

  esm-env@1.2.2:
    resolution: {integrity: sha512-Epxrv+Nr/CaL4ZcFGPJIYLWFom+YeV1DqMLHJoEd9SYRxNbaFruBwfEX/kkHUJf55j2+TUbmDcmuilbP1TmXHA==}

  event-target-polyfill@0.0.4:
    resolution: {integrity: sha512-Gs6RLjzlLRdT8X9ZipJdIZI/Y6/HhRLyq9RdDlCsnpxr/+Nn6bU2EFGuC94GjxqhM+Nmij2Vcq98yoHrU8uNFQ==}

  fsevents@2.3.3:
    resolution: {integrity: sha512-5xoDfX+fL7faATnagmWPpbFtwh/R77WmMMqqHGS65C3vvB0YHrgF+B1YmZ3441tMj5n63k0212XNoJwzlhffQw==}
    engines: {node: ^8.16.0 || ^10.6.0 || >=11.0.0}
    os: [darwin]

  get-tsconfig@4.13.7:
    resolution: {integrity: sha512-7tN6rFgBlMgpBML5j8typ92BKFi2sFQvIdpAqLA2beia5avZDrMs0FLZiM5etShWq5irVyGcGMEA1jcDaK7A/Q==}

  partysocket@1.1.16:
    resolution: {integrity: sha512-d7xFv+ZC7x0p/DAHWJ5FhxQhimIx+ucyZY+kxL0cKddLBmK9c4p2tEA/L+dOOrWm6EYrRwrBjKQV0uSzOY9x1w==}
    peerDependencies:
      react: '>=17'
    peerDependenciesMeta:
      react:
        optional: true

  picocolors@1.1.1:
    resolution: {integrity: sha512-xceH2snhtb5M9liqDsmEw56le376mTZkEX/jEb/RxNFyegNul7eNslCXP9FDj/Lcu0X8KEyMceP2ntpaHrDEVA==}

  prettier@3.8.1:
    resolution: {integrity: sha512-UOnG6LftzbdaHZcKoPFtOcCKztrQ57WkHDeRD9t/PTQtmT0NHSeWWepj6pS0z/N7+08BHFDQVUrfmfMRcZwbMg==}
    engines: {node: '>=14'}
    hasBin: true

  resolve-pkg-maps@1.0.0:
    resolution: {integrity: sha512-seS2Tj26TBVOC2NIc2rOe2y2ZO7efxITtLZcGSOnHHNOQ7CkiUBfw0Iw2ck6xkIhPwLhKNLS8BO+hEpngQlqzw==}

  tsx@4.21.0:
    resolution: {integrity: sha512-5C1sg4USs1lfG0GFb2RLXsdpXqBSEhAaA/0kPL01wxzpMqLILNxIxIOKiILz+cdg/pLnOUxFYOR5yhHU666wbw==}
    engines: {node: '>=18.0.0'}
    hasBin: true

  type-fest@4.41.0:
    resolution: {integrity: sha512-TeTSQ6H5YHvpqVwBRcnLDCBnDOHWYu7IvGbHT6N8AOymcr9PJGjc1GTtiWZTYg0NCgYwvnYWEkVChQAr9bjfwA==}
    engines: {node: '>=16'}

  typescript@5.9.3:
    resolution: {integrity: sha512-jl1vZzPDinLr9eUt3J/t7V6FgNEw9QjvBPdysz9KfQDD41fQrC2Y4vKQdiaUpFT4bXlb1RHhLpp8wtm6M5TgSw==}
    engines: {node: '>=14.17'}
    hasBin: true

  undici-types@7.18.2:
    resolution: {integrity: sha512-AsuCzffGHJybSaRrmr5eHr81mwJU3kjw6M+uprWvCXiNeN9SOGwQ3Jn8jb8m3Z6izVgknn1R0FTCEAP2QrLY/w==}

  unicode-segmenter@0.14.5:
    resolution: {integrity: sha512-jHGmj2LUuqDcX3hqY12Ql+uhUTn8huuxNZGq7GvtF6bSybzH3aFgedYu/KTzQStEgt1Ra2F3HxadNXsNjb3m3g==}

  yocto-queue@1.2.2:
    resolution: {integrity: sha512-4LCcse/U2MHZ63HAJVE+v71o7yOdIe4cZ70Wpf8D/IyjDKYQLV5GD46B+hSTjJsvV5PztjvHoU580EftxjDZFQ==}
    engines: {node: '>=12.20'}

snapshots:

  '@atcute/atproto@3.1.10':
    dependencies:
      '@atcute/lexicons': 1.2.9

  '@atcute/bluesky@3.3.0':
    dependencies:
      '@atcute/atproto': 3.1.10
      '@atcute/lexicons': 1.2.9

  '@atcute/car@5.1.1':
    dependencies:
      '@atcute/cbor': 2.3.2
      '@atcute/cid': 2.4.1
      '@atcute/uint8array': 1.1.1
      '@atcute/varint': 2.0.0

  '@atcute/cbor@2.3.2':
    dependencies:
      '@atcute/cid': 2.4.1
      '@atcute/multibase': 1.2.0
      '@atcute/uint8array': 1.1.1

  '@atcute/cid@2.4.1':
    dependencies:
      '@atcute/multibase': 1.2.0
      '@atcute/uint8array': 1.1.1

  '@atcute/client@4.2.1':
    dependencies:
      '@atcute/identity': 1.1.4
      '@atcute/lexicons': 1.2.9

  '@atcute/crypto@2.4.1':
    dependencies:
      '@atcute/multibase': 1.2.0
      '@atcute/uint8array': 1.1.1
      '@noble/secp256k1': 3.0.0

  '@atcute/firehose@0.1.0':
    dependencies:
      '@atcute/cbor': 2.3.2
      '@atcute/lexicons': 1.2.9
      '@atcute/uint8array': 1.1.1
      '@mary-ext/event-iterator': 1.0.0
      '@mary-ext/simple-event-emitter': 1.0.1
      partysocket: 1.1.16
      type-fest: 4.41.0
    transitivePeerDependencies:
      - react

  '@atcute/identity-resolver@1.2.2(@atcute/identity@1.1.4)':
    dependencies:
      '@atcute/identity': 1.1.4
      '@atcute/lexicons': 1.2.9
      '@atcute/util-fetch': 1.0.5
      '@badrap/valita': 0.4.6

  '@atcute/identity@1.1.4':
    dependencies:
      '@atcute/lexicons': 1.2.9
      '@badrap/valita': 0.4.6

  '@atcute/lex-cli@2.5.3':
    dependencies:
      '@atcute/identity': 1.1.4
      '@atcute/identity-resolver': 1.2.2(@atcute/identity@1.1.4)
      '@atcute/lexicon-doc': 2.1.2
      '@atcute/lexicon-resolver': 0.1.6(@atcute/identity-resolver@1.2.2(@atcute/identity@1.1.4))(@atcute/identity@1.1.4)
      '@atcute/lexicons': 1.2.9
      '@badrap/valita': 0.4.6
      '@optique/core': 0.6.11
      '@optique/run': 0.6.11
      picocolors: 1.1.1
      prettier: 3.8.1

  '@atcute/lexicon-doc@2.1.2':
    dependencies:
      '@atcute/identity': 1.1.4
      '@atcute/lexicons': 1.2.9
      '@atcute/uint8array': 1.1.1
      '@atcute/util-text': 1.2.0
      '@badrap/valita': 0.4.6

  '@atcute/lexicon-resolver@0.1.6(@atcute/identity-resolver@1.2.2(@atcute/identity@1.1.4))(@atcute/identity@1.1.4)':
    dependencies:
      '@atcute/crypto': 2.4.1
      '@atcute/identity': 1.1.4
      '@atcute/identity-resolver': 1.2.2(@atcute/identity@1.1.4)
      '@atcute/lexicon-doc': 2.1.2
      '@atcute/lexicons': 1.2.9
      '@atcute/repo': 0.1.3
      '@atcute/util-fetch': 1.0.5
      '@badrap/valita': 0.4.6

  '@atcute/lexicons@1.2.9':
    dependencies:
      '@atcute/uint8array': 1.1.1
      '@atcute/util-text': 1.2.0
      '@standard-schema/spec': 1.1.0
      esm-env: 1.2.2

  '@atcute/mst@1.0.0':
    dependencies:
      '@atcute/cbor': 2.3.2
      '@atcute/cid': 2.4.1
      '@atcute/uint8array': 1.1.1

  '@atcute/multibase@1.2.0':
    dependencies:
      '@atcute/uint8array': 1.1.1

  '@atcute/password-session@0.1.0':
    dependencies:
      '@atcute/client': 4.2.1
      '@atcute/identity': 1.1.4
      '@atcute/lexicons': 1.2.9

  '@atcute/repo@0.1.3':
    dependencies:
      '@atcute/car': 5.1.1
      '@atcute/cbor': 2.3.2
      '@atcute/cid': 2.4.1
      '@atcute/crypto': 2.4.1
      '@atcute/lexicons': 1.2.9
      '@atcute/mst': 1.0.0
      '@atcute/uint8array': 1.1.1

  '@atcute/uint8array@1.1.1': {}

  '@atcute/util-fetch@1.0.5':
    dependencies:
      '@badrap/valita': 0.4.6

  '@atcute/util-text@1.2.0':
    dependencies:
      unicode-segmenter: 0.14.5

  '@atcute/varint@2.0.0': {}

  '@badrap/valita@0.4.6': {}

  '@esbuild/aix-ppc64@0.27.7':
    optional: true

  '@esbuild/android-arm64@0.27.7':
    optional: true

  '@esbuild/android-arm@0.27.7':
    optional: true

  '@esbuild/android-x64@0.27.7':
    optional: true

  '@esbuild/darwin-arm64@0.27.7':
    optional: true

  '@esbuild/darwin-x64@0.27.7':
    optional: true

  '@esbuild/freebsd-arm64@0.27.7':
    optional: true

  '@esbuild/freebsd-x64@0.27.7':
    optional: true

  '@esbuild/linux-arm64@0.27.7':
    optional: true

  '@esbuild/linux-arm@0.27.7':
    optional: true

  '@esbuild/linux-ia32@0.27.7':
    optional: true

  '@esbuild/linux-loong64@0.27.7':
    optional: true

  '@esbuild/linux-mips64el@0.27.7':
    optional: true

  '@esbuild/linux-ppc64@0.27.7':
    optional: true

  '@esbuild/linux-riscv64@0.27.7':
    optional: true

  '@esbuild/linux-s390x@0.27.7':
    optional: true

  '@esbuild/linux-x64@0.27.7':
    optional: true

  '@esbuild/netbsd-arm64@0.27.7':
    optional: true

  '@esbuild/netbsd-x64@0.27.7':
    optional: true

  '@esbuild/openbsd-arm64@0.27.7':
    optional: true

  '@esbuild/openbsd-x64@0.27.7':
    optional: true

  '@esbuild/openharmony-arm64@0.27.7':
    optional: true

  '@esbuild/sunos-x64@0.27.7':
    optional: true

  '@esbuild/win32-arm64@0.27.7':
    optional: true

  '@esbuild/win32-ia32@0.27.7':
    optional: true

  '@esbuild/win32-x64@0.27.7':
    optional: true

  '@mary-ext/event-iterator@1.0.0':
    dependencies:
      yocto-queue: 1.2.2

  '@mary-ext/simple-event-emitter@1.0.1': {}

  '@noble/secp256k1@3.0.0': {}

  '@optique/core@0.6.11': {}

  '@optique/run@0.6.11':
    dependencies:
      '@optique/core': 0.6.11

  '@standard-schema/spec@1.1.0': {}

  '@types/node@25.5.2':
    dependencies:
      undici-types: 7.18.2

  esbuild@0.27.7:
    optionalDependencies:
      '@esbuild/aix-ppc64': 0.27.7
      '@esbuild/android-arm': 0.27.7
      '@esbuild/android-arm64': 0.27.7
      '@esbuild/android-x64': 0.27.7
      '@esbuild/darwin-arm64': 0.27.7
      '@esbuild/darwin-x64': 0.27.7
      '@esbuild/freebsd-arm64': 0.27.7
      '@esbuild/freebsd-x64': 0.27.7
      '@esbuild/linux-arm': 0.27.7
      '@esbuild/linux-arm64': 0.27.7
      '@esbuild/linux-ia32': 0.27.7
      '@esbuild/linux-loong64': 0.27.7
      '@esbuild/linux-mips64el': 0.27.7
      '@esbuild/linux-ppc64': 0.27.7
      '@esbuild/linux-riscv64': 0.27.7
      '@esbuild/linux-s390x': 0.27.7
      '@esbuild/linux-x64': 0.27.7
      '@esbuild/netbsd-arm64': 0.27.7
      '@esbuild/netbsd-x64': 0.27.7
      '@esbuild/openbsd-arm64': 0.27.7
      '@esbuild/openbsd-x64': 0.27.7
      '@esbuild/openharmony-arm64': 0.27.7
      '@esbuild/sunos-x64': 0.27.7
      '@esbuild/win32-arm64': 0.27.7
      '@esbuild/win32-ia32': 0.27.7
      '@esbuild/win32-x64': 0.27.7

  esm-env@1.2.2: {}

  event-target-polyfill@0.0.4: {}

  fsevents@2.3.3:
    optional: true

  get-tsconfig@4.13.7:
    dependencies:
      resolve-pkg-maps: 1.0.0

  partysocket@1.1.16:
    dependencies:
      event-target-polyfill: 0.0.4

  picocolors@1.1.1: {}

  prettier@3.8.1: {}

  resolve-pkg-maps@1.0.0: {}

  tsx@4.21.0:
    dependencies:
      esbuild: 0.27.7
      get-tsconfig: 4.13.7
    optionalDependencies:
      fsevents: 2.3.3

  type-fest@4.41.0: {}

  typescript@5.9.3: {}

  undici-types@7.18.2: {}

  unicode-segmenter@0.14.5: {}

  yocto-queue@1.2.2: {}
